
Microsoft Visual Studio Solution File, Format Version 12.00
# Visual Studio Version 17
VisualStudioVersion = 17.9.34728.123
MinimumVisualStudioVersion = 10.0.40219.1
Project("{FAE04EC0-301F-11D3-BF4B-00C04F79EFBC}") = "5-CodeFirstCinema", "5-CodeFirstCinema\5-CodeFirstCinema.csproj", "{0B67B88E-A1B9-4455-8157-667B948BA8F0}"
EndProject
Global
	GlobalSection(SolutionConfigurationPlatforms) = preSolution
		Debug|Any CPU = Debug|Any CPU
		Release|Any CPU = Release|Any CPU
	EndGlobalSection
	GlobalSection(ProjectConfigurationPlatforms) = postSolution
		{0B67B88E-A1B9-4455-8157-667B948BA8F0}.Debug|Any CPU.ActiveCfg = Debug|Any CPU
		{0B67B88E-A1B9-4455-8157-667B948BA8F0}.Debug|Any CPU.Build.0 = Debug|Any CPU
		{0B67B88E-A1B9-4455-8157-667B948BA8F0}.Release|Any CPU.ActiveCfg = Release|Any CPU
		{0B67B88E-A1B9-4455-8157-667B948BA8F0}.Release|Any CPU.Build.0 = Release|Any CPU
	EndGlobalSection
	GlobalSection(SolutionProperties) = preSolution
		HideSolutionNode = FALSE
	EndGlobalSection
	GlobalSection(ExtensibilityGlobals) = postSolution
		SolutionGuid = {2C5E75EF-578A-44F5-8FE7-F368A53B31E2}
	EndGlobalSection
EndGlobal
