
Microsoft Visual Studio Solution File, Format Version 12.00
# Visual Studio Version 17
VisualStudioVersion = 17.10.34916.146
MinimumVisualStudioVersion = 10.0.40219.1
Project("{9A19103F-16F7-4668-BE54-9A1E7A4F7556}") = "CompanyInfo", "CompanyInfo\CompanyInfo.csproj", "{392851D0-D660-402D-8A5E-00D448DBE14F}"
EndProject
Project("{FAE04EC0-301F-11D3-BF4B-00C04F79EFBC}") = "CompanyInfo.ConsoleApp", "CompanyInfo.ConsoleApp\CompanyInfo.ConsoleApp.csproj", "{F8570857-AB48-4D67-84B9-BF2E9A08986D}"
EndProject
Global
	GlobalSection(SolutionConfigurationPlatforms) = preSolution
		Debug|Any CPU = Debug|Any CPU
		Release|Any CPU = Release|Any CPU
	EndGlobalSection
	GlobalSection(ProjectConfigurationPlatforms) = postSolution
		{392851D0-D660-402D-8A5E-00D448DBE14F}.Debug|Any CPU.ActiveCfg = Debug|Any CPU
		{392851D0-D660-402D-8A5E-00D448DBE14F}.Debug|Any CPU.Build.0 = Debug|Any CPU
		{392851D0-D660-402D-8A5E-00D448DBE14F}.Release|Any CPU.ActiveCfg = Release|Any CPU
		{392851D0-D660-402D-8A5E-00D448DBE14F}.Release|Any CPU.Build.0 = Release|Any CPU
		{F8570857-AB48-4D67-84B9-BF2E9A08986D}.Debug|Any CPU.ActiveCfg = Debug|Any CPU
		{F8570857-AB48-4D67-84B9-BF2E9A08986D}.Debug|Any CPU.Build.0 = Debug|Any CPU
		{F8570857-AB48-4D67-84B9-BF2E9A08986D}.Release|Any CPU.ActiveCfg = Release|Any CPU
		{F8570857-AB48-4D67-84B9-BF2E9A08986D}.Release|Any CPU.Build.0 = Release|Any CPU
	EndGlobalSection
	GlobalSection(SolutionProperties) = preSolution
		HideSolutionNode = FALSE
	EndGlobalSection
	GlobalSection(ExtensibilityGlobals) = postSolution
		SolutionGuid = {3C59E229-5161-4DB4-960F-CF41ABC3410B}
	EndGlobalSection
EndGlobal
